Microsoft Visual Studio Solution File, Format Version 12.00
# Visual Studio Version 17
VisualStudioVersion = 17.5.33516.290
MinimumVisualStudioVersion = 10.0.40219.1
Project("{FAE04EC0-301F-11D3-BF4B-00C04F79EFBC}") = "TAS.QueueManagement.Api", "TAS.QueueManagement.Api\TAS.QueueManagement.Api.csproj", "{8F1EAE2F-89DA-4F03-AE80-0C9ABC941A55}"
EndProject
Global
	GlobalSection(SolutionConfigurationPlatforms) = preSolution
		Debug|Any CPU = Debug|Any CPU
		Release|Any CPU = Release|Any CPU
	EndGlobalSection
	GlobalSection(ProjectConfigurationPlatforms) = postSolution
		{8F1EAE2F-89DA-4F03-AE80-0C9ABC941A55}.Debug|Any CPU.ActiveCfg = Debug|Any CPU
		{8F1EAE2F-89DA-4F03-AE80-0C9ABC941A55}.Debug|Any CPU.Build.0 = Debug|Any CPU
		{8F1EAE2F-89DA-4F03-AE80-0C9ABC941A55}.Release|Any CPU.ActiveCfg = Release|Any CPU
		{8F1EAE2F-89DA-4F03-AE80-0C9ABC941A55}.Release|Any CPU.Build.0 = Release|Any CPU
	EndGlobalSection
	GlobalSection(SolutionProperties) = preSolution
		HideSolutionNode = FALSE
	EndGlobalSection
	GlobalSection(ExtensibilityGlobals) = postSolution
		SolutionGuid = {AA12EF28-BE22-4FDE-88B1-0B6B0E09F90A}
	EndGlobalSection
EndGlobal
